
Microsoft Visual Studio Solution File, Format Version 12.00
# Visual Studio Version 17
VisualStudioVersion = 17.14.35806.103
MinimumVisualStudioVersion = 10.0.40219.1
Project("{9A19103F-16F7-4668-BE54-9A1E7A4F7556}") = "OOP-1", "OOP-1\OOP-1.csproj", "{37BF6D8F-7704-4A98-B1F4-F17BBC9395C5}"
EndProject
Project("{9A19103F-16F7-4668-BE54-9A1E7A4F7556}") = "OOP-2", "OOP-2\OOP-2.csproj", "{F8AA7120-1675-4900-AA81-812B7134B5DD}"
EndProject
Project("{9A19103F-16F7-4668-BE54-9A1E7A4F7556}") = "OOP-3", "OOP-3\OOP-3.csproj", "{A120AB26-6131-450B-B91E-3C6E5460C7A5}"
EndProject
Project("{9A19103F-16F7-4668-BE54-9A1E7A4F7556}") = "OOP-4", "OOP-4\OOP-4.csproj", "{39CB6F6D-2B53-4756-9220-4F83D6C7E306}"
EndProject
Project("{9A19103F-16F7-4668-BE54-9A1E7A4F7556}") = "OOP-5", "OOP-5\OOP-5.csproj", "{E15EE0D3-D7AE-4C25-A888-8F0CA2CD0C22}"
EndProject
Project("{9A19103F-16F7-4668-BE54-9A1E7A4F7556}") = "OOP-6", "OOP-6\OOP-6.csproj", "{2EBB3D65-E771-4E76-AF6D-FD1C1D1BE333}"
EndProject
Project("{9A19103F-16F7-4668-BE54-9A1E7A4F7556}") = "OOP-7", "OOP-7\OOP-7.csproj", "{D901D695-4B05-4ACA-9DE0-2CB2A16FEE9D}"
EndProject
Project("{9A19103F-16F7-4668-BE54-9A1E7A4F7556}") = "OOP-8", "OOP-8\OOP-8.csproj", "{62604073-92B6-4843-9750-2CA1C0532EE9}"
EndProject
Project("{9A19103F-16F7-4668-BE54-9A1E7A4F7556}") = "OOP-9", "OOP-9\OOP-9.csproj", "{05C4D6E5-D395-4689-B606-D1FC47EAD718}"
EndProject
Project("{9A19103F-16F7-4668-BE54-9A1E7A4F7556}") = "OOP-10", "OOP-10\OOP-10.csproj", "{5D261BCF-6613-4BA4-97FE-7E4A53391542}"
EndProject
Project("{9A19103F-16F7-4668-BE54-9A1E7A4F7556}") = "OOP-11", "OOP-11\OOP-11.csproj", "{CA0F8E73-9018-4F3E-A947-4B12227C4486}"
EndProject
Project("{9A19103F-16F7-4668-BE54-9A1E7A4F7556}") = "OOP-12", "OOP-12\OOP-12.csproj", "{23022716-BCD2-4B04-ABB3-C3B63CD511A3}"
EndProject
Project("{9A19103F-16F7-4668-BE54-9A1E7A4F7556}") = "OOP-13", "OOP-13\OOP-13.csproj", "{DA80DC26-F312-4264-91FA-BCE92261ED74}"
EndProject
Project("{9A19103F-16F7-4668-BE54-9A1E7A4F7556}") = "OOP-14", "OOP-14\OOP-14.csproj", "{863A1653-607D-43B4-B09F-03BC6EE0B8AF}"
EndProject
Project("{9A19103F-16F7-4668-BE54-9A1E7A4F7556}") = "OOP-15", "OOP-15\OOP-15.csproj", "{AC0DF919-3015-4A69-85E5-1F5E4468A1DC}"
EndProject
Project("{9A19103F-16F7-4668-BE54-9A1E7A4F7556}") = "OOP-16", "OOP-16\OOP-16.csproj", "{D3DFB2A3-7F68-4E44-839D-86B57AE68FC3}"
EndProject
Project("{9A19103F-16F7-4668-BE54-9A1E7A4F7556}") = "OOP-17", "OOP-17\OOP-17.csproj", "{9034B1DF-A4CB-4A8A-970B-C70A6F5CF0F9}"
EndProject
Project("{9A19103F-16F7-4668-BE54-9A1E7A4F7556}") = "OOP-18", "OOP-18\OOP-18.csproj", "{77A4655E-9753-4517-BA2B-A7D30E256307}"
EndProject
Project("{9A19103F-16F7-4668-BE54-9A1E7A4F7556}") = "OOP-19", "OOP-19\OOP-19.csproj", "{A777D5AF-B59B-4E23-BBF3-0774A268EA78}"
EndProject
Project("{9A19103F-16F7-4668-BE54-9A1E7A4F7556}") = "OOP-20", "OOP-20\OOP-20.csproj", "{BC11C659-E31D-4613-9F62-B1693DE33D48}"
EndProject
Project("{9A19103F-16F7-4668-BE54-9A1E7A4F7556}") = "OOP-21", "OOP-21\OOP-21.csproj", "{BD8B28C5-3321-4CEF-819C-8E308838F425}"
EndProject
Project("{9A19103F-16F7-4668-BE54-9A1E7A4F7556}") = "OOP-22-InterfaceSegregation", "OOP-22-InterfaceSegregation\OOP-22-InterfaceSegregation.csproj", "{3158FDC6-A8D7-487B-8BA1-1681AE87516B}"
EndProject
Project("{9A19103F-16F7-4668-BE54-9A1E7A4F7556}") = "OOP-23", "OOP-23\OOP-23.csproj", "{9E0ACED9-C565-4D28-9728-D8E229E4742B}"
EndProject
Project("{9A19103F-16F7-4668-BE54-9A1E7A4F7556}") = "OOP-24", "OOP-24\OOP-24.csproj", "{1244660E-FE7B-40D0-9FC9-EDDF19781B91}"
EndProject
Project("{9A19103F-16F7-4668-BE54-9A1E7A4F7556}") = "OOP-25-StackOverFlow", "OOP-25\OOP-25-StackOverFlow.csproj", "{69056877-7461-4350-9546-CEAD6BFF8ABF}"
EndProject
Project("{9A19103F-16F7-4668-BE54-9A1E7A4F7556}") = "OOP-26-Struct", "OOP-26-Struct\OOP-26-Struct.csproj", "{6453E3B7-9910-4313-A864-C274CB00CAAC}"
EndProject
Project("{9A19103F-16F7-4668-BE54-9A1E7A4F7556}") = "OOP-27-Generic", "OOP-27-Generic\OOP-27-Generic.csproj", "{B4C84804-3FBB-4F7A-BAFB-B8396381792D}"
EndProject
Project("{9A19103F-16F7-4668-BE54-9A1E7A4F7556}") = "OOP-28-TipGuvenligi", "OOP-28-TipGuvenligi\OOP-28-TipGuvenligi.csproj", "{BB7EE58E-846C-421A-9769-3BF1A5D8B6E0}"
EndProject
Project("{9A19103F-16F7-4668-BE54-9A1E7A4F7556}") = "OOP-29-GenericKisitlar", "OOP-29-GenericKisitlar\OOP-29-GenericKisitlar.csproj", "{0B070FC9-31F9-4734-8E46-2EF845DDBEDD}"
EndProject
Project("{9A19103F-16F7-4668-BE54-9A1E7A4F7556}") = "OOP-30-NullableTypes", "OOP-30-NullableTypes\OOP-30-NullableTypes.csproj", "{CE2ECE0D-8832-48BF-A549-DBBF50C2BBC0}"
EndProject
Project("{9A19103F-16F7-4668-BE54-9A1E7A4F7556}") = "OOP-31-Enums", "OOP-31\OOP-31-Enums.csproj", "{4B425D01-4364-4987-818A-77C690F3BE29}"
EndProject
Project("{9A19103F-16F7-4668-BE54-9A1E7A4F7556}") = "OOP-32-StackQueueHashTable", "OOP-32-StackQueueHashTable\OOP-32-StackQueueHashTable.csproj", "{5EC52BAF-FE97-4EAE-95C4-F6817840102C}"
EndProject
Project("{9A19103F-16F7-4668-BE54-9A1E7A4F7556}") = "OOP-33-Multithread", "OOP-33-Multithread\OOP-33-Multithread.csproj", "{0F850911-F22E-4610-90CD-9F64166C9519}"
EndProject
Project("{9A19103F-16F7-4668-BE54-9A1E7A4F7556}") = "OOP-34-CalisanPuantajTakip", "OOP-34-CalisanPuantajTakip\OOP-34-CalisanPuantajTakip.csproj", "{826FC20A-5277-46A4-B6C2-B66A16A57B27}"
EndProject
Project("{9A19103F-16F7-4668-BE54-9A1E7A4F7556}") = "OOP-35-Files", "OOP-35-Files\OOP-35-Files.csproj", "{337294B7-8AD3-493A-B9BD-5BBCA2F85A90}"
EndProject
Project("{9A19103F-16F7-4668-BE54-9A1E7A4F7556}") = "OOP-36-Files", "OOP-36-Files\OOP-36-Files.csproj", "{AC40925D-D425-47DF-BA26-334D332A30C7}"
EndProject
Project("{9A19103F-16F7-4668-BE54-9A1E7A4F7556}") = "OOP-37-Files", "OOP-37-Files\OOP-37-Files.csproj", "{7FC34221-D3F5-4119-80B9-EB719E2CA002}"
EndProject
Project("{9A19103F-16F7-4668-BE54-9A1E7A4F7556}") = "OOP-38-JSON", "OOP-38-JSON\OOP-38-JSON.csproj", "{7FF1CB02-C095-4683-A02A-1BDAEEBDBB4F}"
EndProject
Project("{9A19103F-16F7-4668-BE54-9A1E7A4F7556}") = "OOP-39-JSON", "OOP-39-JSON\OOP-39-JSON.csproj", "{F7A601C8-63EC-4D52-8417-245969D7170E}"
EndProject
Project("{9A19103F-16F7-4668-BE54-9A1E7A4F7556}") = "OOP-40-JSON", "OOP-40-JSON\OOP-40-JSON.csproj", "{DB46815C-3D51-452B-9F89-39E8F57F0E25}"
EndProject
Project("{9A19103F-16F7-4668-BE54-9A1E7A4F7556}") = "OOP-41-Delegates", "OOP-41-Delegates\OOP-41-Delegates.csproj", "{EB445C9A-561C-46B2-925B-E669D29CD285}"
EndProject
Project("{9A19103F-16F7-4668-BE54-9A1E7A4F7556}") = "OOP-42-Delegates", "OOP-42-Delegates\OOP-42-Delegates.csproj", "{9A8C4F38-E369-48E7-B822-7B7B49C28A83}"
EndProject
Project("{9A19103F-16F7-4668-BE54-9A1E7A4F7556}") = "OOP-43-Delegates", "OOP-43-Delegates\OOP-43-Delegates.csproj", "{F588B8DA-A5F5-4163-858D-3683F9CE3F31}"
EndProject
Project("{9A19103F-16F7-4668-BE54-9A1E7A4F7556}") = "OOP-44-Delegates", "OOP-44-Delegates\OOP-44-Delegates.csproj", "{10525B87-5BF8-4120-848A-525BDF11F4BE}"
EndProject
Project("{9A19103F-16F7-4668-BE54-9A1E7A4F7556}") = "OOP-45-Delegates", "OOP-45-Delegates\OOP-45-Delegates.csproj", "{482355E6-B186-4D4F-9F41-816BBE2CE511}"
EndProject
Project("{9A19103F-16F7-4668-BE54-9A1E7A4F7556}") = "OOP-46", "OOP-46\OOP-46.csproj", "{CEEA6879-16EE-4198-83A7-E9950C6A7483}"
EndProject
Project("{9A19103F-16F7-4668-BE54-9A1E7A4F7556}") = "Matematik", "Matematik\Matematik.csproj", "{2BB21E4D-9101-49CA-A5BB-85E96C17B7C0}"
EndProject
Project("{9A19103F-16F7-4668-BE54-9A1E7A4F7556}") = "OOP-47", "OOP-47\OOP-47.csproj", "{F7661373-4342-440E-BBEE-172410A00560}"
EndProject
Project("{9A19103F-16F7-4668-BE54-9A1E7A4F7556}") = "OtobusOtomasyonSistemi", "OtobusOtomasyonSistemi\OtobusOtomasyonSistemi.csproj", "{BE4E7300-EAAC-4AE3-A9C6-244DC82541A0}"
EndProject
Project("{9A19103F-16F7-4668-BE54-9A1E7A4F7556}") = "OOP-48", "OOP-48\OOP-48.csproj", "{A6929282-9DA8-46AE-B2C0-CD6E36EE5889}"
EndProject
Project("{9A19103F-16F7-4668-BE54-9A1E7A4F7556}") = "OtobusOtomasyonSonuc", "OtobusOtomasyonSonuc\OtobusOtomasyonSonuc.csproj", "{4D44D836-074E-42D4-B932-7D209DFC4CBC}"
EndProject
Project("{FAE04EC0-301F-11D3-BF4B-00C04F79EFBC}") = "OOP-50-HastaneOtomasyonCalistirma", "OOP-50-HastaneOtomasyonCalistirma\OOP-50-HastaneOtomasyonCalistirma.csproj", "{21E737C2-876E-4076-BC89-08AA8AC9E0CB}"
EndProject
Project("{FAE04EC0-301F-11D3-BF4B-00C04F79EFBC}") = "OOP-49-HastaneOtomasyonSistemi", "OOP-49-HastaneOtomasyonSistemi\OOP-49-HastaneOtomasyonSistemi.csproj", "{F84C22A4-2816-4597-95B9-6BD0DEF4ECBD}"
EndProject
Project("{FAE04EC0-301F-11D3-BF4B-00C04F79EFBC}") = "OOP-51-OtobusOOPCalistirma", "OOP-51-OtobusOOPCalistirma\OOP-51-OtobusOOPCalistirma.csproj", "{59FC1FC1-246D-4887-8F4C-CF0E9B2A10A1}"
EndProject
Project("{FAE04EC0-301F-11D3-BF4B-00C04F79EFBC}") = "OOP-52-OtobusOOP", "OOP-52-OtobusOOP\OOP-52-OtobusOOP.csproj", "{16C4E93B-FB34-49DE-93DE-7EEF9651E0AC}"
EndProject
Global
	GlobalSection(SolutionConfigurationPlatforms) = preSolution
		Debug|Any CPU = Debug|Any CPU
		Release|Any CPU = Release|Any CPU
	EndGlobalSection
	GlobalSection(ProjectConfigurationPlatforms) = postSolution
		{37BF6D8F-7704-4A98-B1F4-F17BBC9395C5}.Debug|Any CPU.ActiveCfg = Debug|Any CPU
		{37BF6D8F-7704-4A98-B1F4-F17BBC9395C5}.Debug|Any CPU.Build.0 = Debug|Any CPU
		{37BF6D8F-7704-4A98-B1F4-F17BBC9395C5}.Release|Any CPU.ActiveCfg = Release|Any CPU
		{37BF6D8F-7704-4A98-B1F4-F17BBC9395C5}.Release|Any CPU.Build.0 = Release|Any CPU
		{F8AA7120-1675-4900-AA81-812B7134B5DD}.Debug|Any CPU.ActiveCfg = Debug|Any CPU
		{F8AA7120-1675-4900-AA81-812B7134B5DD}.Debug|Any CPU.Build.0 = Debug|Any CPU
		{F8AA7120-1675-4900-AA81-812B7134B5DD}.Release|Any CPU.ActiveCfg = Release|Any CPU
		{F8AA7120-1675-4900-AA81-812B7134B5DD}.Release|Any CPU.Build.0 = Release|Any CPU
		{A120AB26-6131-450B-B91E-3C6E5460C7A5}.Debug|Any CPU.ActiveCfg = Debug|Any CPU
		{A120AB26-6131-450B-B91E-3C6E5460C7A5}.Debug|Any CPU.Build.0 = Debug|Any CPU
		{A120AB26-6131-450B-B91E-3C6E5460C7A5}.Release|Any CPU.ActiveCfg = Release|Any CPU
		{A120AB26-6131-450B-B91E-3C6E5460C7A5}.Release|Any CPU.Build.0 = Release|Any CPU
		{39CB6F6D-2B53-4756-9220-4F83D6C7E306}.Debug|Any CPU.ActiveCfg = Debug|Any CPU
		{39CB6F6D-2B53-4756-9220-4F83D6C7E306}.Debug|Any CPU.Build.0 = Debug|Any CPU
		{39CB6F6D-2B53-4756-9220-4F83D6C7E306}.Release|Any CPU.ActiveCfg = Release|Any CPU
		{39CB6F6D-2B53-4756-9220-4F83D6C7E306}.Release|Any CPU.Build.0 = Release|Any CPU
		{E15EE0D3-D7AE-4C25-A888-8F0CA2CD0C22}.Debug|Any CPU.ActiveCfg = Debug|Any CPU
		{E15EE0D3-D7AE-4C25-A888-8F0CA2CD0C22}.Debug|Any CPU.Build.0 = Debug|Any CPU
		{E15EE0D3-D7AE-4C25-A888-8F0CA2CD0C22}.Release|Any CPU.ActiveCfg = Release|Any CPU
		{E15EE0D3-D7AE-4C25-A888-8F0CA2CD0C22}.Release|Any CPU.Build.0 = Release|Any CPU
		{2EBB3D65-E771-4E76-AF6D-FD1C1D1BE333}.Debug|Any CPU.ActiveCfg = Debug|Any CPU
		{2EBB3D65-E771-4E76-AF6D-FD1C1D1BE333}.Debug|Any CPU.Build.0 = Debug|Any CPU
		{2EBB3D65-E771-4E76-AF6D-FD1C1D1BE333}.Release|Any CPU.ActiveCfg = Release|Any CPU
		{2EBB3D65-E771-4E76-AF6D-FD1C1D1BE333}.Release|Any CPU.Build.0 = Release|Any CPU
		{D901D695-4B05-4ACA-9DE0-2CB2A16FEE9D}.Debug|Any CPU.ActiveCfg = Debug|Any CPU
		{D901D695-4B05-4ACA-9DE0-2CB2A16FEE9D}.Debug|Any CPU.Build.0 = Debug|Any CPU
		{D901D695-4B05-4ACA-9DE0-2CB2A16FEE9D}.Release|Any CPU.ActiveCfg = Release|Any CPU
		{D901D695-4B05-4ACA-9DE0-2CB2A16FEE9D}.Release|Any CPU.Build.0 = Release|Any CPU
		{62604073-92B6-4843-9750-2CA1C0532EE9}.Debug|Any CPU.ActiveCfg = Debug|Any CPU
		{62604073-92B6-4843-9750-2CA1C0532EE9}.Debug|Any CPU.Build.0 = Debug|Any CPU
		{62604073-92B6-4843-9750-2CA1C0532EE9}.Release|Any CPU.ActiveCfg = Release|Any CPU
		{62604073-92B6-4843-9750-2CA1C0532EE9}.Release|Any CPU.Build.0 = Release|Any CPU
		{05C4D6E5-D395-4689-B606-D1FC47EAD718}.Debug|Any CPU.ActiveCfg = Debug|Any CPU
		{05C4D6E5-D395-4689-B606-D1FC47EAD718}.Debug|Any CPU.Build.0 = Debug|Any CPU
		{05C4D6E5-D395-4689-B606-D1FC47EAD718}.Release|Any CPU.ActiveCfg = Release|Any CPU
		{05C4D6E5-D395-4689-B606-D1FC47EAD718}.Release|Any CPU.Build.0 = Release|Any CPU
		{5D261BCF-6613-4BA4-97FE-7E4A53391542}.Debug|Any CPU.ActiveCfg = Debug|Any CPU
		{5D261BCF-6613-4BA4-97FE-7E4A53391542}.Debug|Any CPU.Build.0 = Debug|Any CPU
		{5D261BCF-6613-4BA4-97FE-7E4A53391542}.Release|Any CPU.ActiveCfg = Release|Any CPU
		{5D261BCF-6613-4BA4-97FE-7E4A53391542}.Release|Any CPU.Build.0 = Release|Any CPU
		{CA0F8E73-9018-4F3E-A947-4B12227C4486}.Debug|Any CPU.ActiveCfg = Debug|Any CPU
		{CA0F8E73-9018-4F3E-A947-4B12227C4486}.Debug|Any CPU.Build.0 = Debug|Any CPU
		{CA0F8E73-9018-4F3E-A947-4B12227C4486}.Release|Any CPU.ActiveCfg = Release|Any CPU
		{CA0F8E73-9018-4F3E-A947-4B12227C4486}.Release|Any CPU.Build.0 = Release|Any CPU
		{23022716-BCD2-4B04-ABB3-C3B63CD511A3}.Debug|Any CPU.ActiveCfg = Debug|Any CPU
		{23022716-BCD2-4B04-ABB3-C3B63CD511A3}.Debug|Any CPU.Build.0 = Debug|Any CPU
		{23022716-BCD2-4B04-ABB3-C3B63CD511A3}.Release|Any CPU.ActiveCfg = Release|Any CPU
		{23022716-BCD2-4B04-ABB3-C3B63CD511A3}.Release|Any CPU.Build.0 = Release|Any CPU
		{DA80DC26-F312-4264-91FA-BCE92261ED74}.Debug|Any CPU.ActiveCfg = Debug|Any CPU
		{DA80DC26-F312-4264-91FA-BCE92261ED74}.Debug|Any CPU.Build.0 = Debug|Any CPU
		{DA80DC26-F312-4264-91FA-BCE92261ED74}.Release|Any CPU.ActiveCfg = Release|Any CPU
		{DA80DC26-F312-4264-91FA-BCE92261ED74}.Release|Any CPU.Build.0 = Release|Any CPU
		{863A1653-607D-43B4-B09F-03BC6EE0B8AF}.Debug|Any CPU.ActiveCfg = Debug|Any CPU
		{863A1653-607D-43B4-B09F-03BC6EE0B8AF}.Debug|Any CPU.Build.0 = Debug|Any CPU
		{863A1653-607D-43B4-B09F-03BC6EE0B8AF}.Release|Any CPU.ActiveCfg = Release|Any CPU
		{863A1653-607D-43B4-B09F-03BC6EE0B8AF}.Release|Any CPU.Build.0 = Release|Any CPU
		{AC0DF919-3015-4A69-85E5-1F5E4468A1DC}.Debug|Any CPU.ActiveCfg = Debug|Any CPU
		{AC0DF919-3015-4A69-85E5-1F5E4468A1DC}.Debug|Any CPU.Build.0 = Debug|Any CPU
		{AC0DF919-3015-4A69-85E5-1F5E4468A1DC}.Release|Any CPU.ActiveCfg = Release|Any CPU
		{AC0DF919-3015-4A69-85E5-1F5E4468A1DC}.Release|Any CPU.Build.0 = Release|Any CPU
		{D3DFB2A3-7F68-4E44-839D-86B57AE68FC3}.Debug|Any CPU.ActiveCfg = Debug|Any CPU
		{D3DFB2A3-7F68-4E44-839D-86B57AE68FC3}.Debug|Any CPU.Build.0 = Debug|Any CPU
		{D3DFB2A3-7F68-4E44-839D-86B57AE68FC3}.Release|Any CPU.ActiveCfg = Release|Any CPU
		{D3DFB2A3-7F68-4E44-839D-86B57AE68FC3}.Release|Any CPU.Build.0 = Release|Any CPU
		{9034B1DF-A4CB-4A8A-970B-C70A6F5CF0F9}.Debug|Any CPU.ActiveCfg = Debug|Any CPU
		{9034B1DF-A4CB-4A8A-970B-C70A6F5CF0F9}.Debug|Any CPU.Build.0 = Debug|Any CPU
		{9034B1DF-A4CB-4A8A-970B-C70A6F5CF0F9}.Release|Any CPU.ActiveCfg = Release|Any CPU
		{9034B1DF-A4CB-4A8A-970B-C70A6F5CF0F9}.Release|Any CPU.Build.0 = Release|Any CPU
		{77A4655E-9753-4517-BA2B-A7D30E256307}.Debug|Any CPU.ActiveCfg = Debug|Any CPU
		{77A4655E-9753-4517-BA2B-A7D30E256307}.Debug|Any CPU.Build.0 = Debug|Any CPU
		{77A4655E-9753-4517-BA2B-A7D30E256307}.Release|Any CPU.ActiveCfg = Release|Any CPU
		{77A4655E-9753-4517-BA2B-A7D30E256307}.Release|Any CPU.Build.0 = Release|Any CPU
		{A777D5AF-B59B-4E23-BBF3-0774A268EA78}.Debug|Any CPU.ActiveCfg = Debug|Any CPU
		{A777D5AF-B59B-4E23-BBF3-0774A268EA78}.Debug|Any CPU.Build.0 = Debug|Any CPU
		{A777D5AF-B59B-4E23-BBF3-0774A268EA78}.Release|Any CPU.ActiveCfg = Release|Any CPU
		{A777D5AF-B59B-4E23-BBF3-0774A268EA78}.Release|Any CPU.Build.0 = Release|Any CPU
		{BC11C659-E31D-4613-9F62-B1693DE33D48}.Debug|Any CPU.ActiveCfg = Debug|Any CPU
		{BC11C659-E31D-4613-9F62-B1693DE33D48}.Debug|Any CPU.Build.0 = Debug|Any CPU
		{BC11C659-E31D-4613-9F62-B1693DE33D48}.Release|Any CPU.ActiveCfg = Release|Any CPU
		{BC11C659-E31D-4613-9F62-B1693DE33D48}.Release|Any CPU.Build.0 = Release|Any CPU
		{BD8B28C5-3321-4CEF-819C-8E308838F425}.Debug|Any CPU.ActiveCfg = Debug|Any CPU
		{BD8B28C5-3321-4CEF-819C-8E308838F425}.Debug|Any CPU.Build.0 = Debug|Any CPU
		{BD8B28C5-3321-4CEF-819C-8E308838F425}.Release|Any CPU.ActiveCfg = Release|Any CPU
		{BD8B28C5-3321-4CEF-819C-8E308838F425}.Release|Any CPU.Build.0 = Release|Any CPU
		{3158FDC6-A8D7-487B-8BA1-1681AE87516B}.Debug|Any CPU.ActiveCfg = Debug|Any CPU
		{3158FDC6-A8D7-487B-8BA1-1681AE87516B}.Debug|Any CPU.Build.0 = Debug|Any CPU
		{3158FDC6-A8D7-487B-8BA1-1681AE87516B}.Release|Any CPU.ActiveCfg = Release|Any CPU
		{3158FDC6-A8D7-487B-8BA1-1681AE87516B}.Release|Any CPU.Build.0 = Release|Any CPU
		{9E0ACED9-C565-4D28-9728-D8E229E4742B}.Debug|Any CPU.ActiveCfg = Debug|Any CPU
		{9E0ACED9-C565-4D28-9728-D8E229E4742B}.Debug|Any CPU.Build.0 = Debug|Any CPU
		{9E0ACED9-C565-4D28-9728-D8E229E4742B}.Release|Any CPU.ActiveCfg = Release|Any CPU
		{9E0ACED9-C565-4D28-9728-D8E229E4742B}.Release|Any CPU.Build.0 = Release|Any CPU
		{1244660E-FE7B-40D0-9FC9-EDDF19781B91}.Debug|Any CPU.ActiveCfg = Debug|Any CPU
		{1244660E-FE7B-40D0-9FC9-EDDF19781B91}.Debug|Any CPU.Build.0 = Debug|Any CPU
		{1244660E-FE7B-40D0-9FC9-EDDF19781B91}.Release|Any CPU.ActiveCfg = Release|Any CPU
		{1244660E-FE7B-40D0-9FC9-EDDF19781B91}.Release|Any CPU.Build.0 = Release|Any CPU
		{69056877-7461-4350-9546-CEAD6BFF8ABF}.Debug|Any CPU.ActiveCfg = Debug|Any CPU
		{69056877-7461-4350-9546-CEAD6BFF8ABF}.Debug|Any CPU.Build.0 = Debug|Any CPU
		{69056877-7461-4350-9546-CEAD6BFF8ABF}.Release|Any CPU.ActiveCfg = Release|Any CPU
		{69056877-7461-4350-9546-CEAD6BFF8ABF}.Release|Any CPU.Build.0 = Release|Any CPU
		{6453E3B7-9910-4313-A864-C274CB00CAAC}.Debug|Any CPU.ActiveCfg = Debug|Any CPU
		{6453E3B7-9910-4313-A864-C274CB00CAAC}.Debug|Any CPU.Build.0 = Debug|Any CPU
		{6453E3B7-9910-4313-A864-C274CB00CAAC}.Release|Any CPU.ActiveCfg = Release|Any CPU
		{6453E3B7-9910-4313-A864-C274CB00CAAC}.Release|Any CPU.Build.0 = Release|Any CPU
		{B4C84804-3FBB-4F7A-BAFB-B8396381792D}.Debug|Any CPU.ActiveCfg = Debug|Any CPU
		{B4C84804-3FBB-4F7A-BAFB-B8396381792D}.Debug|Any CPU.Build.0 = Debug|Any CPU
		{B4C84804-3FBB-4F7A-BAFB-B8396381792D}.Release|Any CPU.ActiveCfg = Release|Any CPU
		{B4C84804-3FBB-4F7A-BAFB-B8396381792D}.Release|Any CPU.Build.0 = Release|Any CPU
		{BB7EE58E-846C-421A-9769-3BF1A5D8B6E0}.Debug|Any CPU.ActiveCfg = Debug|Any CPU
		{BB7EE58E-846C-421A-9769-3BF1A5D8B6E0}.Debug|Any CPU.Build.0 = Debug|Any CPU
		{BB7EE58E-846C-421A-9769-3BF1A5D8B6E0}.Release|Any CPU.ActiveCfg = Release|Any CPU
		{BB7EE58E-846C-421A-9769-3BF1A5D8B6E0}.Release|Any CPU.Build.0 = Release|Any CPU
		{0B070FC9-31F9-4734-8E46-2EF845DDBEDD}.Debug|Any CPU.ActiveCfg = Debug|Any CPU
		{0B070FC9-31F9-4734-8E46-2EF845DDBEDD}.Debug|Any CPU.Build.0 = Debug|Any CPU
		{0B070FC9-31F9-4734-8E46-2EF845DDBEDD}.Release|Any CPU.ActiveCfg = Release|Any CPU
		{0B070FC9-31F9-4734-8E46-2EF845DDBEDD}.Release|Any CPU.Build.0 = Release|Any CPU
		{CE2ECE0D-8832-48BF-A549-DBBF50C2BBC0}.Debug|Any CPU.ActiveCfg = Debug|Any CPU
		{CE2ECE0D-8832-48BF-A549-DBBF50C2BBC0}.Debug|Any CPU.Build.0 = Debug|Any CPU
		{CE2ECE0D-8832-48BF-A549-DBBF50C2BBC0}.Release|Any CPU.ActiveCfg = Release|Any CPU
		{CE2ECE0D-8832-48BF-A549-DBBF50C2BBC0}.Release|Any CPU.Build.0 = Release|Any CPU
		{4B425D01-4364-4987-818A-77C690F3BE29}.Debug|Any CPU.ActiveCfg = Debug|Any CPU
		{4B425D01-4364-4987-818A-77C690F3BE29}.Debug|Any CPU.Build.0 = Debug|Any CPU
		{4B425D01-4364-4987-818A-77C690F3BE29}.Release|Any CPU.ActiveCfg = Release|Any CPU
		{4B425D01-4364-4987-818A-77C690F3BE29}.Release|Any CPU.Build.0 = Release|Any CPU
		{5EC52BAF-FE97-4EAE-95C4-F6817840102C}.Debug|Any CPU.ActiveCfg = Debug|Any CPU
		{5EC52BAF-FE97-4EAE-95C4-F6817840102C}.Debug|Any CPU.Build.0 = Debug|Any CPU
		{5EC52BAF-FE97-4EAE-95C4-F6817840102C}.Release|Any CPU.ActiveCfg = Release|Any CPU
		{5EC52BAF-FE97-4EAE-95C4-F6817840102C}.Release|Any CPU.Build.0 = Release|Any CPU
		{0F850911-F22E-4610-90CD-9F64166C9519}.Debug|Any CPU.ActiveCfg = Debug|Any CPU
		{0F850911-F22E-4610-90CD-9F64166C9519}.Debug|Any CPU.Build.0 = Debug|Any CPU
		{0F850911-F22E-4610-90CD-9F64166C9519}.Release|Any CPU.ActiveCfg = Release|Any CPU
		{0F850911-F22E-4610-90CD-9F64166C9519}.Release|Any CPU.Build.0 = Release|Any CPU
		{826FC20A-5277-46A4-B6C2-B66A16A57B27}.Debug|Any CPU.ActiveCfg = Debug|Any CPU
		{826FC20A-5277-46A4-B6C2-B66A16A57B27}.Debug|Any CPU.Build.0 = Debug|Any CPU
		{826FC20A-5277-46A4-B6C2-B66A16A57B27}.Release|Any CPU.ActiveCfg = Release|Any CPU
		{826FC20A-5277-46A4-B6C2-B66A16A57B27}.Release|Any CPU.Build.0 = Release|Any CPU
		{337294B7-8AD3-493A-B9BD-5BBCA2F85A90}.Debug|Any CPU.ActiveCfg = Debug|Any CPU
		{337294B7-8AD3-493A-B9BD-5BBCA2F85A90}.Debug|Any CPU.Build.0 = Debug|Any CPU
		{337294B7-8AD3-493A-B9BD-5BBCA2F85A90}.Release|Any CPU.ActiveCfg = Release|Any CPU
		{337294B7-8AD3-493A-B9BD-5BBCA2F85A90}.Release|Any CPU.Build.0 = Release|Any CPU
		{AC40925D-D425-47DF-BA26-334D332A30C7}.Debug|Any CPU.ActiveCfg = Debug|Any CPU
		{AC40925D-D425-47DF-BA26-334D332A30C7}.Debug|Any CPU.Build.0 = Debug|Any CPU
		{AC40925D-D425-47DF-BA26-334D332A30C7}.Release|Any CPU.ActiveCfg = Release|Any CPU
		{AC40925D-D425-47DF-BA26-334D332A30C7}.Release|Any CPU.Build.0 = Release|Any CPU
		{7FC34221-D3F5-4119-80B9-EB719E2CA002}.Debug|Any CPU.ActiveCfg = Debug|Any CPU
		{7FC34221-D3F5-4119-80B9-EB719E2CA002}.Debug|Any CPU.Build.0 = Debug|Any CPU
		{7FC34221-D3F5-4119-80B9-EB719E2CA002}.Release|Any CPU.ActiveCfg = Release|Any CPU
		{7FC34221-D3F5-4119-80B9-EB719E2CA002}.Release|Any CPU.Build.0 = Release|Any CPU
		{7FF1CB02-C095-4683-A02A-1BDAEEBDBB4F}.Debug|Any CPU.ActiveCfg = Debug|Any CPU
		{7FF1CB02-C095-4683-A02A-1BDAEEBDBB4F}.Debug|Any CPU.Build.0 = Debug|Any CPU
		{7FF1CB02-C095-4683-A02A-1BDAEEBDBB4F}.Release|Any CPU.ActiveCfg = Release|Any CPU
		{7FF1CB02-C095-4683-A02A-1BDAEEBDBB4F}.Release|Any CPU.Build.0 = Release|Any CPU
		{F7A601C8-63EC-4D52-8417-245969D7170E}.Debug|Any CPU.ActiveCfg = Debug|Any CPU
		{F7A601C8-63EC-4D52-8417-245969D7170E}.Debug|Any CPU.Build.0 = Debug|Any CPU
		{F7A601C8-63EC-4D52-8417-245969D7170E}.Release|Any CPU.ActiveCfg = Release|Any CPU
		{F7A601C8-63EC-4D52-8417-245969D7170E}.Release|Any CPU.Build.0 = Release|Any CPU
		{DB46815C-3D51-452B-9F89-39E8F57F0E25}.Debug|Any CPU.ActiveCfg = Debug|Any CPU
		{DB46815C-3D51-452B-9F89-39E8F57F0E25}.Debug|Any CPU.Build.0 = Debug|Any CPU
		{DB46815C-3D51-452B-9F89-39E8F57F0E25}.Release|Any CPU.ActiveCfg = Release|Any CPU
		{DB46815C-3D51-452B-9F89-39E8F57F0E25}.Release|Any CPU.Build.0 = Release|Any CPU
		{EB445C9A-561C-46B2-925B-E669D29CD285}.Debug|Any CPU.ActiveCfg = Debug|Any CPU
		{EB445C9A-561C-46B2-925B-E669D29CD285}.Debug|Any CPU.Build.0 = Debug|Any CPU
		{EB445C9A-561C-46B2-925B-E669D29CD285}.Release|Any CPU.ActiveCfg = Release|Any CPU
		{EB445C9A-561C-46B2-925B-E669D29CD285}.Release|Any CPU.Build.0 = Release|Any CPU
		{9A8C4F38-E369-48E7-B822-7B7B49C28A83}.Debug|Any CPU.ActiveCfg = Debug|Any CPU
		{9A8C4F38-E369-48E7-B822-7B7B49C28A83}.Debug|Any CPU.Build.0 = Debug|Any CPU
		{9A8C4F38-E369-48E7-B822-7B7B49C28A83}.Release|Any CPU.ActiveCfg = Release|Any CPU
		{9A8C4F38-E369-48E7-B822-7B7B49C28A83}.Release|Any CPU.Build.0 = Release|Any CPU
		{F588B8DA-A5F5-4163-858D-3683F9CE3F31}.Debug|Any CPU.ActiveCfg = Debug|Any CPU
		{F588B8DA-A5F5-4163-858D-3683F9CE3F31}.Debug|Any CPU.Build.0 = Debug|Any CPU
		{F588B8DA-A5F5-4163-858D-3683F9CE3F31}.Release|Any CPU.ActiveCfg = Release|Any CPU
		{F588B8DA-A5F5-4163-858D-3683F9CE3F31}.Release|Any CPU.Build.0 = Release|Any CPU
		{10525B87-5BF8-4120-848A-525BDF11F4BE}.Debug|Any CPU.ActiveCfg = Debug|Any CPU
		{10525B87-5BF8-4120-848A-525BDF11F4BE}.Debug|Any CPU.Build.0 = Debug|Any CPU
		{10525B87-5BF8-4120-848A-525BDF11F4BE}.Release|Any CPU.ActiveCfg = Release|Any CPU
		{10525B87-5BF8-4120-848A-525BDF11F4BE}.Release|Any CPU.Build.0 = Release|Any CPU
		{482355E6-B186-4D4F-9F41-816BBE2CE511}.Debug|Any CPU.ActiveCfg = Debug|Any CPU
		{482355E6-B186-4D4F-9F41-816BBE2CE511}.Debug|Any CPU.Build.0 = Debug|Any CPU
		{482355E6-B186-4D4F-9F41-816BBE2CE511}.Release|Any CPU.ActiveCfg = Release|Any CPU
		{482355E6-B186-4D4F-9F41-816BBE2CE511}.Release|Any CPU.Build.0 = Release|Any CPU
		{CEEA6879-16EE-4198-83A7-E9950C6A7483}.Debug|Any CPU.ActiveCfg = Debug|Any CPU
		{CEEA6879-16EE-4198-83A7-E9950C6A7483}.Debug|Any CPU.Build.0 = Debug|Any CPU
		{CEEA6879-16EE-4198-83A7-E9950C6A7483}.Release|Any CPU.ActiveCfg = Release|Any CPU
		{CEEA6879-16EE-4198-83A7-E9950C6A7483}.Release|Any CPU.Build.0 = Release|Any CPU
		{2BB21E4D-9101-49CA-A5BB-85E96C17B7C0}.Debug|Any CPU.ActiveCfg = Debug|Any CPU
		{2BB21E4D-9101-49CA-A5BB-85E96C17B7C0}.Debug|Any CPU.Build.0 = Debug|Any CPU
		{2BB21E4D-9101-49CA-A5BB-85E96C17B7C0}.Release|Any CPU.ActiveCfg = Release|Any CPU
		{2BB21E4D-9101-49CA-A5BB-85E96C17B7C0}.Release|Any CPU.Build.0 = Release|Any CPU
		{F7661373-4342-440E-BBEE-172410A00560}.Debug|Any CPU.ActiveCfg = Debug|Any CPU
		{F7661373-4342-440E-BBEE-172410A00560}.Debug|Any CPU.Build.0 = Debug|Any CPU
		{F7661373-4342-440E-BBEE-172410A00560}.Release|Any CPU.ActiveCfg = Release|Any CPU
		{F7661373-4342-440E-BBEE-172410A00560}.Release|Any CPU.Build.0 = Release|Any CPU
		{BE4E7300-EAAC-4AE3-A9C6-244DC82541A0}.Debug|Any CPU.ActiveCfg = Debug|Any CPU
		{BE4E7300-EAAC-4AE3-A9C6-244DC82541A0}.Debug|Any CPU.Build.0 = Debug|Any CPU
		{BE4E7300-EAAC-4AE3-A9C6-244DC82541A0}.Release|Any CPU.ActiveCfg = Release|Any CPU
		{BE4E7300-EAAC-4AE3-A9C6-244DC82541A0}.Release|Any CPU.Build.0 = Release|Any CPU
		{A6929282-9DA8-46AE-B2C0-CD6E36EE5889}.Debug|Any CPU.ActiveCfg = Debug|Any CPU
		{A6929282-9DA8-46AE-B2C0-CD6E36EE5889}.Debug|Any CPU.Build.0 = Debug|Any CPU
		{A6929282-9DA8-46AE-B2C0-CD6E36EE5889}.Release|Any CPU.ActiveCfg = Release|Any CPU
		{A6929282-9DA8-46AE-B2C0-CD6E36EE5889}.Release|Any CPU.Build.0 = Release|Any CPU
		{4D44D836-074E-42D4-B932-7D209DFC4CBC}.Debug|Any CPU.ActiveCfg = Debug|Any CPU
		{4D44D836-074E-42D4-B932-7D209DFC4CBC}.Debug|Any CPU.Build.0 = Debug|Any CPU
		{4D44D836-074E-42D4-B932-7D209DFC4CBC}.Release|Any CPU.ActiveCfg = Release|Any CPU
		{4D44D836-074E-42D4-B932-7D209DFC4CBC}.Release|Any CPU.Build.0 = Release|Any CPU
		{21E737C2-876E-4076-BC89-08AA8AC9E0CB}.Debug|Any CPU.ActiveCfg = Debug|Any CPU
		{21E737C2-876E-4076-BC89-08AA8AC9E0CB}.Debug|Any CPU.Build.0 = Debug|Any CPU
		{21E737C2-876E-4076-BC89-08AA8AC9E0CB}.Release|Any CPU.ActiveCfg = Release|Any CPU
		{21E737C2-876E-4076-BC89-08AA8AC9E0CB}.Release|Any CPU.Build.0 = Release|Any CPU
		{F84C22A4-2816-4597-95B9-6BD0DEF4ECBD}.Debug|Any CPU.ActiveCfg = Debug|Any CPU
		{F84C22A4-2816-4597-95B9-6BD0DEF4ECBD}.Debug|Any CPU.Build.0 = Debug|Any CPU
		{F84C22A4-2816-4597-95B9-6BD0DEF4ECBD}.Release|Any CPU.ActiveCfg = Release|Any CPU
		{F84C22A4-2816-4597-95B9-6BD0DEF4ECBD}.Release|Any CPU.Build.0 = Release|Any CPU
		{59FC1FC1-246D-4887-8F4C-CF0E9B2A10A1}.Debug|Any CPU.ActiveCfg = Debug|Any CPU
		{59FC1FC1-246D-4887-8F4C-CF0E9B2A10A1}.Debug|Any CPU.Build.0 = Debug|Any CPU
		{59FC1FC1-246D-4887-8F4C-CF0E9B2A10A1}.Release|Any CPU.ActiveCfg = Release|Any CPU
		{59FC1FC1-246D-4887-8F4C-CF0E9B2A10A1}.Release|Any CPU.Build.0 = Release|Any CPU
		{16C4E93B-FB34-49DE-93DE-7EEF9651E0AC}.Debug|Any CPU.ActiveCfg = Debug|Any CPU
		{16C4E93B-FB34-49DE-93DE-7EEF9651E0AC}.Debug|Any CPU.Build.0 = Debug|Any CPU
		{16C4E93B-FB34-49DE-93DE-7EEF9651E0AC}.Release|Any CPU.ActiveCfg = Release|Any CPU
		{16C4E93B-FB34-49DE-93DE-7EEF9651E0AC}.Release|Any CPU.Build.0 = Release|Any CPU
	EndGlobalSection
	GlobalSection(SolutionProperties) = preSolution
		HideSolutionNode = FALSE
	EndGlobalSection
	GlobalSection(ExtensibilityGlobals) = postSolution
		SolutionGuid = {6491EE95-942F-4DAE-8CD4-DC92A8FECA43}
	EndGlobalSection
EndGlobal
