
Microsoft Visual Studio Solution File, Format Version 12.00
# Visual Studio Version 17
VisualStudioVersion = 17.14.35806.103
MinimumVisualStudioVersion = 10.0.40219.1
Project("{FAE04EC0-301F-11D3-BF4B-00C04F79EFBC}") = "OOP-1", "OOP-1\OOP-1.csproj", "{37BF6D8F-7704-4A98-B1F4-F17BBC9395C5}"
EndProject
Project("{FAE04EC0-301F-11D3-BF4B-00C04F79EFBC}") = "OOP-2", "OOP-2\OOP-2.csproj", "{F8AA7120-1675-4900-AA81-812B7134B5DD}"
EndProject
Project("{FAE04EC0-301F-11D3-BF4B-00C04F79EFBC}") = "OOP-3", "OOP-3\OOP-3.csproj", "{A120AB26-6131-450B-B91E-3C6E5460C7A5}"
EndProject
Project("{FAE04EC0-301F-11D3-BF4B-00C04F79EFBC}") = "OOP-4", "OOP-4\OOP-4.csproj", "{39CB6F6D-2B53-4756-9220-4F83D6C7E306}"
EndProject
Project("{FAE04EC0-301F-11D3-BF4B-00C04F79EFBC}") = "OOP-5", "OOP-5\OOP-5.csproj", "{E15EE0D3-D7AE-4C25-A888-8F0CA2CD0C22}"
EndProject
Project("{FAE04EC0-301F-11D3-BF4B-00C04F79EFBC}") = "OOP-6", "OOP-6\OOP-6.csproj", "{2EBB3D65-E771-4E76-AF6D-FD1C1D1BE333}"
EndProject
Project("{FAE04EC0-301F-11D3-BF4B-00C04F79EFBC}") = "OOP-7", "OOP-7\OOP-7.csproj", "{D901D695-4B05-4ACA-9DE0-2CB2A16FEE9D}"
EndProject
Project("{FAE04EC0-301F-11D3-BF4B-00C04F79EFBC}") = "OOP-8", "OOP-8\OOP-8.csproj", "{62604073-92B6-4843-9750-2CA1C0532EE9}"
EndProject
Project("{FAE04EC0-301F-11D3-BF4B-00C04F79EFBC}") = "OOP-9", "OOP-9\OOP-9.csproj", "{05C4D6E5-D395-4689-B606-D1FC47EAD718}"
EndProject
Project("{FAE04EC0-301F-11D3-BF4B-00C04F79EFBC}") = "OOP-10", "OOP-10\OOP-10.csproj", "{5D261BCF-6613-4BA4-97FE-7E4A53391542}"
EndProject
Project("{FAE04EC0-301F-11D3-BF4B-00C04F79EFBC}") = "OOP-11", "OOP-11\OOP-11.csproj", "{CA0F8E73-9018-4F3E-A947-4B12227C4486}"
EndProject
Project("{FAE04EC0-301F-11D3-BF4B-00C04F79EFBC}") = "OOP-12", "OOP-12\OOP-12.csproj", "{23022716-BCD2-4B04-ABB3-C3B63CD511A3}"
EndProject
Project("{FAE04EC0-301F-11D3-BF4B-00C04F79EFBC}") = "OOP-13", "OOP-13\OOP-13.csproj", "{DA80DC26-F312-4264-91FA-BCE92261ED74}"
EndProject
Project("{FAE04EC0-301F-11D3-BF4B-00C04F79EFBC}") = "OOP-14", "OOP-14\OOP-14.csproj", "{863A1653-607D-43B4-B09F-03BC6EE0B8AF}"
EndProject
Project("{FAE04EC0-301F-11D3-BF4B-00C04F79EFBC}") = "OOP-15", "OOP-15\OOP-15.csproj", "{AC0DF919-3015-4A69-85E5-1F5E4468A1DC}"
EndProject
Project("{FAE04EC0-301F-11D3-BF4B-00C04F79EFBC}") = "OOP-16", "OOP-16\OOP-16.csproj", "{D3DFB2A3-7F68-4E44-839D-86B57AE68FC3}"
EndProject
Project("{FAE04EC0-301F-11D3-BF4B-00C04F79EFBC}") = "OOP-17", "OOP-17\OOP-17.csproj", "{9034B1DF-A4CB-4A8A-970B-C70A6F5CF0F9}"
EndProject
Global
	GlobalSection(SolutionConfigurationPlatforms) = preSolution
		Debug|Any CPU = Debug|Any CPU
		Release|Any CPU = Release|Any CPU
	EndGlobalSection
	GlobalSection(ProjectConfigurationPlatforms) = postSolution
		{37BF6D8F-7704-4A98-B1F4-F17BBC9395C5}.Debug|Any CPU.ActiveCfg = Debug|Any CPU
		{37BF6D8F-7704-4A98-B1F4-F17BBC9395C5}.Debug|Any CPU.Build.0 = Debug|Any CPU
		{37BF6D8F-7704-4A98-B1F4-F17BBC9395C5}.Release|Any CPU.ActiveCfg = Release|Any CPU
		{37BF6D8F-7704-4A98-B1F4-F17BBC9395C5}.Release|Any CPU.Build.0 = Release|Any CPU
		{F8AA7120-1675-4900-AA81-812B7134B5DD}.Debug|Any CPU.ActiveCfg = Debug|Any CPU
		{F8AA7120-1675-4900-AA81-812B7134B5DD}.Debug|Any CPU.Build.0 = Debug|Any CPU
		{F8AA7120-1675-4900-AA81-812B7134B5DD}.Release|Any CPU.ActiveCfg = Release|Any CPU
		{F8AA7120-1675-4900-AA81-812B7134B5DD}.Release|Any CPU.Build.0 = Release|Any CPU
		{A120AB26-6131-450B-B91E-3C6E5460C7A5}.Debug|Any CPU.ActiveCfg = Debug|Any CPU
		{A120AB26-6131-450B-B91E-3C6E5460C7A5}.Debug|Any CPU.Build.0 = Debug|Any CPU
		{A120AB26-6131-450B-B91E-3C6E5460C7A5}.Release|Any CPU.ActiveCfg = Release|Any CPU
		{A120AB26-6131-450B-B91E-3C6E5460C7A5}.Release|Any CPU.Build.0 = Release|Any CPU
		{39CB6F6D-2B53-4756-9220-4F83D6C7E306}.Debug|Any CPU.ActiveCfg = Debug|Any CPU
		{39CB6F6D-2B53-4756-9220-4F83D6C7E306}.Debug|Any CPU.Build.0 = Debug|Any CPU
		{39CB6F6D-2B53-4756-9220-4F83D6C7E306}.Release|Any CPU.ActiveCfg = Release|Any CPU
		{39CB6F6D-2B53-4756-9220-4F83D6C7E306}.Release|Any CPU.Build.0 = Release|Any CPU
		{E15EE0D3-D7AE-4C25-A888-8F0CA2CD0C22}.Debug|Any CPU.ActiveCfg = Debug|Any CPU
		{E15EE0D3-D7AE-4C25-A888-8F0CA2CD0C22}.Debug|Any CPU.Build.0 = Debug|Any CPU
		{E15EE0D3-D7AE-4C25-A888-8F0CA2CD0C22}.Release|Any CPU.ActiveCfg = Release|Any CPU
		{E15EE0D3-D7AE-4C25-A888-8F0CA2CD0C22}.Release|Any CPU.Build.0 = Release|Any CPU
		{2EBB3D65-E771-4E76-AF6D-FD1C1D1BE333}.Debug|Any CPU.ActiveCfg = Debug|Any CPU
		{2EBB3D65-E771-4E76-AF6D-FD1C1D1BE333}.Debug|Any CPU.Build.0 = Debug|Any CPU
		{2EBB3D65-E771-4E76-AF6D-FD1C1D1BE333}.Release|Any CPU.ActiveCfg = Release|Any CPU
		{2EBB3D65-E771-4E76-AF6D-FD1C1D1BE333}.Release|Any CPU.Build.0 = Release|Any CPU
		{D901D695-4B05-4ACA-9DE0-2CB2A16FEE9D}.Debug|Any CPU.ActiveCfg = Debug|Any CPU
		{D901D695-4B05-4ACA-9DE0-2CB2A16FEE9D}.Debug|Any CPU.Build.0 = Debug|Any CPU
		{D901D695-4B05-4ACA-9DE0-2CB2A16FEE9D}.Release|Any CPU.ActiveCfg = Release|Any CPU
		{D901D695-4B05-4ACA-9DE0-2CB2A16FEE9D}.Release|Any CPU.Build.0 = Release|Any CPU
		{62604073-92B6-4843-9750-2CA1C0532EE9}.Debug|Any CPU.ActiveCfg = Debug|Any CPU
		{62604073-92B6-4843-9750-2CA1C0532EE9}.Debug|Any CPU.Build.0 = Debug|Any CPU
		{62604073-92B6-4843-9750-2CA1C0532EE9}.Release|Any CPU.ActiveCfg = Release|Any CPU
		{62604073-92B6-4843-9750-2CA1C0532EE9}.Release|Any CPU.Build.0 = Release|Any CPU
		{05C4D6E5-D395-4689-B606-D1FC47EAD718}.Debug|Any CPU.ActiveCfg = Debug|Any CPU
		{05C4D6E5-D395-4689-B606-D1FC47EAD718}.Debug|Any CPU.Build.0 = Debug|Any CPU
		{05C4D6E5-D395-4689-B606-D1FC47EAD718}.Release|Any CPU.ActiveCfg = Release|Any CPU
		{05C4D6E5-D395-4689-B606-D1FC47EAD718}.Release|Any CPU.Build.0 = Release|Any CPU
		{5D261BCF-6613-4BA4-97FE-7E4A53391542}.Debug|Any CPU.ActiveCfg = Debug|Any CPU
		{5D261BCF-6613-4BA4-97FE-7E4A53391542}.Debug|Any CPU.Build.0 = Debug|Any CPU
		{5D261BCF-6613-4BA4-97FE-7E4A53391542}.Release|Any CPU.ActiveCfg = Release|Any CPU
		{5D261BCF-6613-4BA4-97FE-7E4A53391542}.Release|Any CPU.Build.0 = Release|Any CPU
		{CA0F8E73-9018-4F3E-A947-4B12227C4486}.Debug|Any CPU.ActiveCfg = Debug|Any CPU
		{CA0F8E73-9018-4F3E-A947-4B12227C4486}.Debug|Any CPU.Build.0 = Debug|Any CPU
		{CA0F8E73-9018-4F3E-A947-4B12227C4486}.Release|Any CPU.ActiveCfg = Release|Any CPU
		{CA0F8E73-9018-4F3E-A947-4B12227C4486}.Release|Any CPU.Build.0 = Release|Any CPU
		{23022716-BCD2-4B04-ABB3-C3B63CD511A3}.Debug|Any CPU.ActiveCfg = Debug|Any CPU
		{23022716-BCD2-4B04-ABB3-C3B63CD511A3}.Debug|Any CPU.Build.0 = Debug|Any CPU
		{23022716-BCD2-4B04-ABB3-C3B63CD511A3}.Release|Any CPU.ActiveCfg = Release|Any CPU
		{23022716-BCD2-4B04-ABB3-C3B63CD511A3}.Release|Any CPU.Build.0 = Release|Any CPU
		{DA80DC26-F312-4264-91FA-BCE92261ED74}.Debug|Any CPU.ActiveCfg = Debug|Any CPU
		{DA80DC26-F312-4264-91FA-BCE92261ED74}.Debug|Any CPU.Build.0 = Debug|Any CPU
		{DA80DC26-F312-4264-91FA-BCE92261ED74}.Release|Any CPU.ActiveCfg = Release|Any CPU
		{DA80DC26-F312-4264-91FA-BCE92261ED74}.Release|Any CPU.Build.0 = Release|Any CPU
		{863A1653-607D-43B4-B09F-03BC6EE0B8AF}.Debug|Any CPU.ActiveCfg = Debug|Any CPU
		{863A1653-607D-43B4-B09F-03BC6EE0B8AF}.Debug|Any CPU.Build.0 = Debug|Any CPU
		{863A1653-607D-43B4-B09F-03BC6EE0B8AF}.Release|Any CPU.ActiveCfg = Release|Any CPU
		{863A1653-607D-43B4-B09F-03BC6EE0B8AF}.Release|Any CPU.Build.0 = Release|Any CPU
		{AC0DF919-3015-4A69-85E5-1F5E4468A1DC}.Debug|Any CPU.ActiveCfg = Debug|Any CPU
		{AC0DF919-3015-4A69-85E5-1F5E4468A1DC}.Debug|Any CPU.Build.0 = Debug|Any CPU
		{AC0DF919-3015-4A69-85E5-1F5E4468A1DC}.Release|Any CPU.ActiveCfg = Release|Any CPU
		{AC0DF919-3015-4A69-85E5-1F5E4468A1DC}.Release|Any CPU.Build.0 = Release|Any CPU
		{D3DFB2A3-7F68-4E44-839D-86B57AE68FC3}.Debug|Any CPU.ActiveCfg = Debug|Any CPU
		{D3DFB2A3-7F68-4E44-839D-86B57AE68FC3}.Debug|Any CPU.Build.0 = Debug|Any CPU
		{D3DFB2A3-7F68-4E44-839D-86B57AE68FC3}.Release|Any CPU.ActiveCfg = Release|Any CPU
		{D3DFB2A3-7F68-4E44-839D-86B57AE68FC3}.Release|Any CPU.Build.0 = Release|Any CPU
		{9034B1DF-A4CB-4A8A-970B-C70A6F5CF0F9}.Debug|Any CPU.ActiveCfg = Debug|Any CPU
		{9034B1DF-A4CB-4A8A-970B-C70A6F5CF0F9}.Debug|Any CPU.Build.0 = Debug|Any CPU
		{9034B1DF-A4CB-4A8A-970B-C70A6F5CF0F9}.Release|Any CPU.ActiveCfg = Release|Any CPU
		{9034B1DF-A4CB-4A8A-970B-C70A6F5CF0F9}.Release|Any CPU.Build.0 = Release|Any CPU
	EndGlobalSection
	GlobalSection(SolutionProperties) = preSolution
		HideSolutionNode = FALSE
	EndGlobalSection
	GlobalSection(ExtensibilityGlobals) = postSolution
		SolutionGuid = {6491EE95-942F-4DAE-8CD4-DC92A8FECA43}
	EndGlobalSection
EndGlobal
